
Microsoft Visual Studio Solution File, Format Version 12.00
# Visual Studio Version 17
VisualStudioVersion = 17.0.31903.59
MinimumVisualStudioVersion = 10.0.40219.1
Project("{2150E333-8FDC-42A3-9474-1A3956D46DE8}") = "src", "src", "{827E0CD3-B72D-47B6-A68D-7590B98EB39B}"
EndProject
Project("{FAE04EC0-301F-11D3-BF4B-00C04F79EFBC}") = "Runiq.Data", "src\Runiq.Data\Runiq.Data.csproj", "{F95A18DB-8581-4360-8A11-1742E0BEE4B9}"
EndProject
Project("{2150E333-8FDC-42A3-9474-1A3956D46DE8}") = "samples", "samples", "{5D20AA90-6969-D8BD-9DCD-8634F4692FDA}"
EndProject
Project("{FAE04EC0-301F-11D3-BF4B-00C04F79EFBC}") = "Runiq.Data.Samples.Core", "samples\Runiq.Data.Samples.Core\Runiq.Data.Samples.Core.csproj", "{9A3EFBDE-D546-4966-A10E-DF91102732E3}"
EndProject
Project("{FAE04EC0-301F-11D3-BF4B-00C04F79EFBC}") = "Runiq.Data.Samples.RowsAndColumns", "samples\Runiq.Data.Samples.RowsAndColumns\Runiq.Data.Samples.RowsAndColumns.csproj", "{687458CC-8DF6-4C45-AE0D-0B1C21EC8D99}"
EndProject
Project("{FAE04EC0-301F-11D3-BF4B-00C04F79EFBC}") = "Runiq.Data.Samples.FilteringAndSorting", "samples\Runiq.Data.Samples.FilteringAndSorting\Runiq.Data.Samples.FilteringAndSorting.csproj", "{E6222CCC-F4C6-458F-829C-A94572A1F9E5}"
EndProject
Project("{FAE04EC0-301F-11D3-BF4B-00C04F79EFBC}") = "Runiq.Data.Samples.Aggregations", "samples\Runiq.Data.Samples.Aggregations\Runiq.Data.Samples.Aggregations.csproj", "{FDDAC609-04C1-4A26-BC5F-03CB8C975705}"
EndProject
Project("{FAE04EC0-301F-11D3-BF4B-00C04F79EFBC}") = "Runiq.Data.Samples.Grouping", "samples\Runiq.Data.Samples.Grouping\Runiq.Data.Samples.Grouping.csproj", "{62FBCC21-6B74-4A3C-BBB2-6468C90CE5D2}"
EndProject
Project("{FAE04EC0-301F-11D3-BF4B-00C04F79EFBC}") = "Runiq.Data.Samples.Joining", "samples\Runiq.Data.Samples.Joining\Runiq.Data.Samples.Joining.csproj", "{A395FC63-27B9-46AD-BECD-D498CBF3EEE9}"
EndProject
Project("{FAE04EC0-301F-11D3-BF4B-00C04F79EFBC}") = "Runiq.Data.Samples.Csv", "samples\Runiq.Data.Samples.Csv\Runiq.Data.Samples.Csv.csproj", "{619E1154-B343-4A7C-9EE2-8F3BFC8922AD}"
EndProject
Project("{FAE04EC0-301F-11D3-BF4B-00C04F79EFBC}") = "Runiq.Data.Samples.Excel", "samples\Runiq.Data.Samples.Excel\Runiq.Data.Samples.Excel.csproj", "{3BB8CD88-F555-4DDA-B003-71029F14360B}"
EndProject
Project("{2150E333-8FDC-42A3-9474-1A3956D46DE8}") = "tests", "tests", "{0AB3BF05-4346-4AA6-1389-037BE0695223}"
EndProject
Project("{FAE04EC0-301F-11D3-BF4B-00C04F79EFBC}") = "Runiq.Data.Core.Tests", "tests\Runiq.Data.Core.Tests\Runiq.Data.Core.Tests.csproj", "{F6766370-99CB-42AB-AEC6-7196C1F1C9D5}"
EndProject
Project("{FAE04EC0-301F-11D3-BF4B-00C04F79EFBC}") = "Runiq.Data.DataFrame.Tests", "tests\Runiq.Data.DataFrame.Tests\Runiq.Data.DataFrame.Tests.csproj", "{AB6C65A7-DF0F-4E17-9993-848E0E8F6D96}"
EndProject
Project("{FAE04EC0-301F-11D3-BF4B-00C04F79EFBC}") = "Runiq.Data.IO.Tests", "tests\Runiq.Data.IO.Tests\Runiq.Data.IO.Tests.csproj", "{5FD0D98A-5413-4A4A-A0E4-F8C762D1FE24}"
EndProject
Project("{FAE04EC0-301F-11D3-BF4B-00C04F79EFBC}") = "Runiq.Data.Samples.Json", "samples\Runiq.Data.Samples.Json\Runiq.Data.Samples.Json.csproj", "{34B4E0E4-838D-44A6-83CF-842EE9F76D33}"
EndProject
Project("{FAE04EC0-301F-11D3-BF4B-00C04F79EFBC}") = "Runiq.Data.Samples.Sql", "samples\Runiq.Data.Samples.Sql\Runiq.Data.Samples.Sql.csproj", "{06979787-7DE0-45E4-B026-7FFA0561B3F4}"
EndProject
Project("{FAE04EC0-301F-11D3-BF4B-00C04F79EFBC}") = "Runiq.Data.SqlServer.IntegrationTests", "tests\Runiq.Data.SqlServer.IntegrationTests\Runiq.Data.SqlServer.IntegrationTests.csproj", "{DAA05351-3AD9-4F7C-98A8-6068AD830DDE}"
EndProject
Project("{FAE04EC0-301F-11D3-BF4B-00C04F79EFBC}") = "Runiq.Data.PostgreSql.IntegrationTests", "tests\Runiq.Data.PostgreSql.IntegrationTests\Runiq.Data.PostgreSql.IntegrationTests.csproj", "{0458B1F8-E93E-438A-A6D5-82104F56EEF6}"
EndProject
Project("{FAE04EC0-301F-11D3-BF4B-00C04F79EFBC}") = "Runiq.Data.Samples.Pivoting", "samples\Runiq.Data.Samples.Pivoting\Runiq.Data.Samples.Pivoting.csproj", "{1B761B53-95B5-436E-829C-F28B917FD88E}"
EndProject
Global
	GlobalSection(SolutionConfigurationPlatforms) = preSolution
		Debug|Any CPU = Debug|Any CPU
		Debug|x64 = Debug|x64
		Debug|x86 = Debug|x86
		Release|Any CPU = Release|Any CPU
		Release|x64 = Release|x64
		Release|x86 = Release|x86
	EndGlobalSection
	GlobalSection(ProjectConfigurationPlatforms) = postSolution
		{F95A18DB-8581-4360-8A11-1742E0BEE4B9}.Debug|Any CPU.ActiveCfg = Debug|Any CPU
		{F95A18DB-8581-4360-8A11-1742E0BEE4B9}.Debug|Any CPU.Build.0 = Debug|Any CPU
		{F95A18DB-8581-4360-8A11-1742E0BEE4B9}.Debug|x64.ActiveCfg = Debug|Any CPU
		{F95A18DB-8581-4360-8A11-1742E0BEE4B9}.Debug|x64.Build.0 = Debug|Any CPU
		{F95A18DB-8581-4360-8A11-1742E0BEE4B9}.Debug|x86.ActiveCfg = Debug|Any CPU
		{F95A18DB-8581-4360-8A11-1742E0BEE4B9}.Debug|x86.Build.0 = Debug|Any CPU
		{F95A18DB-8581-4360-8A11-1742E0BEE4B9}.Release|Any CPU.ActiveCfg = Release|Any CPU
		{F95A18DB-8581-4360-8A11-1742E0BEE4B9}.Release|Any CPU.Build.0 = Release|Any CPU
		{F95A18DB-8581-4360-8A11-1742E0BEE4B9}.Release|x64.ActiveCfg = Release|Any CPU
		{F95A18DB-8581-4360-8A11-1742E0BEE4B9}.Release|x64.Build.0 = Release|Any CPU
		{F95A18DB-8581-4360-8A11-1742E0BEE4B9}.Release|x86.ActiveCfg = Release|Any CPU
		{F95A18DB-8581-4360-8A11-1742E0BEE4B9}.Release|x86.Build.0 = Release|Any CPU
		{9A3EFBDE-D546-4966-A10E-DF91102732E3}.Debug|Any CPU.ActiveCfg = Debug|Any CPU
		{9A3EFBDE-D546-4966-A10E-DF91102732E3}.Debug|Any CPU.Build.0 = Debug|Any CPU
		{9A3EFBDE-D546-4966-A10E-DF91102732E3}.Debug|x64.ActiveCfg = Debug|Any CPU
		{9A3EFBDE-D546-4966-A10E-DF91102732E3}.Debug|x64.Build.0 = Debug|Any CPU
		{9A3EFBDE-D546-4966-A10E-DF91102732E3}.Debug|x86.ActiveCfg = Debug|Any CPU
		{9A3EFBDE-D546-4966-A10E-DF91102732E3}.Debug|x86.Build.0 = Debug|Any CPU
		{9A3EFBDE-D546-4966-A10E-DF91102732E3}.Release|Any CPU.ActiveCfg = Release|Any CPU
		{9A3EFBDE-D546-4966-A10E-DF91102732E3}.Release|Any CPU.Build.0 = Release|Any CPU
		{9A3EFBDE-D546-4966-A10E-DF91102732E3}.Release|x64.ActiveCfg = Release|Any CPU
		{9A3EFBDE-D546-4966-A10E-DF91102732E3}.Release|x64.Build.0 = Release|Any CPU
		{9A3EFBDE-D546-4966-A10E-DF91102732E3}.Release|x86.ActiveCfg = Release|Any CPU
		{9A3EFBDE-D546-4966-A10E-DF91102732E3}.Release|x86.Build.0 = Release|Any CPU
		{687458CC-8DF6-4C45-AE0D-0B1C21EC8D99}.Debug|Any CPU.ActiveCfg = Debug|Any CPU
		{687458CC-8DF6-4C45-AE0D-0B1C21EC8D99}.Debug|Any CPU.Build.0 = Debug|Any CPU
		{687458CC-8DF6-4C45-AE0D-0B1C21EC8D99}.Debug|x64.ActiveCfg = Debug|Any CPU
		{687458CC-8DF6-4C45-AE0D-0B1C21EC8D99}.Debug|x64.Build.0 = Debug|Any CPU
		{687458CC-8DF6-4C45-AE0D-0B1C21EC8D99}.Debug|x86.ActiveCfg = Debug|Any CPU
		{687458CC-8DF6-4C45-AE0D-0B1C21EC8D99}.Debug|x86.Build.0 = Debug|Any CPU
		{687458CC-8DF6-4C45-AE0D-0B1C21EC8D99}.Release|Any CPU.ActiveCfg = Release|Any CPU
		{687458CC-8DF6-4C45-AE0D-0B1C21EC8D99}.Release|Any CPU.Build.0 = Release|Any CPU
		{687458CC-8DF6-4C45-AE0D-0B1C21EC8D99}.Release|x64.ActiveCfg = Release|Any CPU
		{687458CC-8DF6-4C45-AE0D-0B1C21EC8D99}.Release|x64.Build.0 = Release|Any CPU
		{687458CC-8DF6-4C45-AE0D-0B1C21EC8D99}.Release|x86.ActiveCfg = Release|Any CPU
		{687458CC-8DF6-4C45-AE0D-0B1C21EC8D99}.Release|x86.Build.0 = Release|Any CPU
		{E6222CCC-F4C6-458F-829C-A94572A1F9E5}.Debug|Any CPU.ActiveCfg = Debug|Any CPU
		{E6222CCC-F4C6-458F-829C-A94572A1F9E5}.Debug|Any CPU.Build.0 = Debug|Any CPU
		{E6222CCC-F4C6-458F-829C-A94572A1F9E5}.Debug|x64.ActiveCfg = Debug|Any CPU
		{E6222CCC-F4C6-458F-829C-A94572A1F9E5}.Debug|x64.Build.0 = Debug|Any CPU
		{E6222CCC-F4C6-458F-829C-A94572A1F9E5}.Debug|x86.ActiveCfg = Debug|Any CPU
		{E6222CCC-F4C6-458F-829C-A94572A1F9E5}.Debug|x86.Build.0 = Debug|Any CPU
		{E6222CCC-F4C6-458F-829C-A94572A1F9E5}.Release|Any CPU.ActiveCfg = Release|Any CPU
		{E6222CCC-F4C6-458F-829C-A94572A1F9E5}.Release|Any CPU.Build.0 = Release|Any CPU
		{E6222CCC-F4C6-458F-829C-A94572A1F9E5}.Release|x64.ActiveCfg = Release|Any CPU
		{E6222CCC-F4C6-458F-829C-A94572A1F9E5}.Release|x64.Build.0 = Release|Any CPU
		{E6222CCC-F4C6-458F-829C-A94572A1F9E5}.Release|x86.ActiveCfg = Release|Any CPU
		{E6222CCC-F4C6-458F-829C-A94572A1F9E5}.Release|x86.Build.0 = Release|Any CPU
		{FDDAC609-04C1-4A26-BC5F-03CB8C975705}.Debug|Any CPU.ActiveCfg = Debug|Any CPU
		{FDDAC609-04C1-4A26-BC5F-03CB8C975705}.Debug|Any CPU.Build.0 = Debug|Any CPU
		{FDDAC609-04C1-4A26-BC5F-03CB8C975705}.Debug|x64.ActiveCfg = Debug|Any CPU
		{FDDAC609-04C1-4A26-BC5F-03CB8C975705}.Debug|x64.Build.0 = Debug|Any CPU
		{FDDAC609-04C1-4A26-BC5F-03CB8C975705}.Debug|x86.ActiveCfg = Debug|Any CPU
		{FDDAC609-04C1-4A26-BC5F-03CB8C975705}.Debug|x86.Build.0 = Debug|Any CPU
		{FDDAC609-04C1-4A26-BC5F-03CB8C975705}.Release|Any CPU.ActiveCfg = Release|Any CPU
		{FDDAC609-04C1-4A26-BC5F-03CB8C975705}.Release|Any CPU.Build.0 = Release|Any CPU
		{FDDAC609-04C1-4A26-BC5F-03CB8C975705}.Release|x64.ActiveCfg = Release|Any CPU
		{FDDAC609-04C1-4A26-BC5F-03CB8C975705}.Release|x64.Build.0 = Release|Any CPU
		{FDDAC609-04C1-4A26-BC5F-03CB8C975705}.Release|x86.ActiveCfg = Release|Any CPU
		{FDDAC609-04C1-4A26-BC5F-03CB8C975705}.Release|x86.Build.0 = Release|Any CPU
		{62FBCC21-6B74-4A3C-BBB2-6468C90CE5D2}.Debug|Any CPU.ActiveCfg = Debug|Any CPU
		{62FBCC21-6B74-4A3C-BBB2-6468C90CE5D2}.Debug|Any CPU.Build.0 = Debug|Any CPU
		{62FBCC21-6B74-4A3C-BBB2-6468C90CE5D2}.Debug|x64.ActiveCfg = Debug|Any CPU
		{62FBCC21-6B74-4A3C-BBB2-6468C90CE5D2}.Debug|x64.Build.0 = Debug|Any CPU
		{62FBCC21-6B74-4A3C-BBB2-6468C90CE5D2}.Debug|x86.ActiveCfg = Debug|Any CPU
		{62FBCC21-6B74-4A3C-BBB2-6468C90CE5D2}.Debug|x86.Build.0 = Debug|Any CPU
		{62FBCC21-6B74-4A3C-BBB2-6468C90CE5D2}.Release|Any CPU.ActiveCfg = Release|Any CPU
		{62FBCC21-6B74-4A3C-BBB2-6468C90CE5D2}.Release|Any CPU.Build.0 = Release|Any CPU
		{62FBCC21-6B74-4A3C-BBB2-6468C90CE5D2}.Release|x64.ActiveCfg = Release|Any CPU
		{62FBCC21-6B74-4A3C-BBB2-6468C90CE5D2}.Release|x64.Build.0 = Release|Any CPU
		{62FBCC21-6B74-4A3C-BBB2-6468C90CE5D2}.Release|x86.ActiveCfg = Release|Any CPU
		{62FBCC21-6B74-4A3C-BBB2-6468C90CE5D2}.Release|x86.Build.0 = Release|Any CPU
		{A395FC63-27B9-46AD-BECD-D498CBF3EEE9}.Debug|Any CPU.ActiveCfg = Debug|Any CPU
		{A395FC63-27B9-46AD-BECD-D498CBF3EEE9}.Debug|Any CPU.Build.0 = Debug|Any CPU
		{A395FC63-27B9-46AD-BECD-D498CBF3EEE9}.Debug|x64.ActiveCfg = Debug|Any CPU
		{A395FC63-27B9-46AD-BECD-D498CBF3EEE9}.Debug|x64.Build.0 = Debug|Any CPU
		{A395FC63-27B9-46AD-BECD-D498CBF3EEE9}.Debug|x86.ActiveCfg = Debug|Any CPU
		{A395FC63-27B9-46AD-BECD-D498CBF3EEE9}.Debug|x86.Build.0 = Debug|Any CPU
		{A395FC63-27B9-46AD-BECD-D498CBF3EEE9}.Release|Any CPU.ActiveCfg = Release|Any CPU
		{A395FC63-27B9-46AD-BECD-D498CBF3EEE9}.Release|Any CPU.Build.0 = Release|Any CPU
		{A395FC63-27B9-46AD-BECD-D498CBF3EEE9}.Release|x64.ActiveCfg = Release|Any CPU
		{A395FC63-27B9-46AD-BECD-D498CBF3EEE9}.Release|x64.Build.0 = Release|Any CPU
		{A395FC63-27B9-46AD-BECD-D498CBF3EEE9}.Release|x86.ActiveCfg = Release|Any CPU
		{A395FC63-27B9-46AD-BECD-D498CBF3EEE9}.Release|x86.Build.0 = Release|Any CPU
		{619E1154-B343-4A7C-9EE2-8F3BFC8922AD}.Debug|Any CPU.ActiveCfg = Debug|Any CPU
		{619E1154-B343-4A7C-9EE2-8F3BFC8922AD}.Debug|Any CPU.Build.0 = Debug|Any CPU
		{619E1154-B343-4A7C-9EE2-8F3BFC8922AD}.Debug|x64.ActiveCfg = Debug|Any CPU
		{619E1154-B343-4A7C-9EE2-8F3BFC8922AD}.Debug|x64.Build.0 = Debug|Any CPU
		{619E1154-B343-4A7C-9EE2-8F3BFC8922AD}.Debug|x86.ActiveCfg = Debug|Any CPU
		{619E1154-B343-4A7C-9EE2-8F3BFC8922AD}.Debug|x86.Build.0 = Debug|Any CPU
		{619E1154-B343-4A7C-9EE2-8F3BFC8922AD}.Release|Any CPU.ActiveCfg = Release|Any CPU
		{619E1154-B343-4A7C-9EE2-8F3BFC8922AD}.Release|Any CPU.Build.0 = Release|Any CPU
		{619E1154-B343-4A7C-9EE2-8F3BFC8922AD}.Release|x64.ActiveCfg = Release|Any CPU
		{619E1154-B343-4A7C-9EE2-8F3BFC8922AD}.Release|x64.Build.0 = Release|Any CPU
		{619E1154-B343-4A7C-9EE2-8F3BFC8922AD}.Release|x86.ActiveCfg = Release|Any CPU
		{619E1154-B343-4A7C-9EE2-8F3BFC8922AD}.Release|x86.Build.0 = Release|Any CPU
		{3BB8CD88-F555-4DDA-B003-71029F14360B}.Debug|Any CPU.ActiveCfg = Debug|Any CPU
		{3BB8CD88-F555-4DDA-B003-71029F14360B}.Debug|Any CPU.Build.0 = Debug|Any CPU
		{3BB8CD88-F555-4DDA-B003-71029F14360B}.Debug|x64.ActiveCfg = Debug|Any CPU
		{3BB8CD88-F555-4DDA-B003-71029F14360B}.Debug|x64.Build.0 = Debug|Any CPU
		{3BB8CD88-F555-4DDA-B003-71029F14360B}.Debug|x86.ActiveCfg = Debug|Any CPU
		{3BB8CD88-F555-4DDA-B003-71029F14360B}.Debug|x86.Build.0 = Debug|Any CPU
		{3BB8CD88-F555-4DDA-B003-71029F14360B}.Release|Any CPU.ActiveCfg = Release|Any CPU
		{3BB8CD88-F555-4DDA-B003-71029F14360B}.Release|Any CPU.Build.0 = Release|Any CPU
		{3BB8CD88-F555-4DDA-B003-71029F14360B}.Release|x64.ActiveCfg = Release|Any CPU
		{3BB8CD88-F555-4DDA-B003-71029F14360B}.Release|x64.Build.0 = Release|Any CPU
		{3BB8CD88-F555-4DDA-B003-71029F14360B}.Release|x86.ActiveCfg = Release|Any CPU
		{3BB8CD88-F555-4DDA-B003-71029F14360B}.Release|x86.Build.0 = Release|Any CPU
		{F6766370-99CB-42AB-AEC6-7196C1F1C9D5}.Debug|Any CPU.ActiveCfg = Debug|Any CPU
		{F6766370-99CB-42AB-AEC6-7196C1F1C9D5}.Debug|Any CPU.Build.0 = Debug|Any CPU
		{F6766370-99CB-42AB-AEC6-7196C1F1C9D5}.Debug|x64.ActiveCfg = Debug|Any CPU
		{F6766370-99CB-42AB-AEC6-7196C1F1C9D5}.Debug|x64.Build.0 = Debug|Any CPU
		{F6766370-99CB-42AB-AEC6-7196C1F1C9D5}.Debug|x86.ActiveCfg = Debug|Any CPU
		{F6766370-99CB-42AB-AEC6-7196C1F1C9D5}.Debug|x86.Build.0 = Debug|Any CPU
		{F6766370-99CB-42AB-AEC6-7196C1F1C9D5}.Release|Any CPU.ActiveCfg = Release|Any CPU
		{F6766370-99CB-42AB-AEC6-7196C1F1C9D5}.Release|Any CPU.Build.0 = Release|Any CPU
		{F6766370-99CB-42AB-AEC6-7196C1F1C9D5}.Release|x64.ActiveCfg = Release|Any CPU
		{F6766370-99CB-42AB-AEC6-7196C1F1C9D5}.Release|x64.Build.0 = Release|Any CPU
		{F6766370-99CB-42AB-AEC6-7196C1F1C9D5}.Release|x86.ActiveCfg = Release|Any CPU
		{F6766370-99CB-42AB-AEC6-7196C1F1C9D5}.Release|x86.Build.0 = Release|Any CPU
		{AB6C65A7-DF0F-4E17-9993-848E0E8F6D96}.Debug|Any CPU.ActiveCfg = Debug|Any CPU
		{AB6C65A7-DF0F-4E17-9993-848E0E8F6D96}.Debug|Any CPU.Build.0 = Debug|Any CPU
		{AB6C65A7-DF0F-4E17-9993-848E0E8F6D96}.Debug|x64.ActiveCfg = Debug|Any CPU
		{AB6C65A7-DF0F-4E17-9993-848E0E8F6D96}.Debug|x64.Build.0 = Debug|Any CPU
		{AB6C65A7-DF0F-4E17-9993-848E0E8F6D96}.Debug|x86.ActiveCfg = Debug|Any CPU
		{AB6C65A7-DF0F-4E17-9993-848E0E8F6D96}.Debug|x86.Build.0 = Debug|Any CPU
		{AB6C65A7-DF0F-4E17-9993-848E0E8F6D96}.Release|Any CPU.ActiveCfg = Release|Any CPU
		{AB6C65A7-DF0F-4E17-9993-848E0E8F6D96}.Release|Any CPU.Build.0 = Release|Any CPU
		{AB6C65A7-DF0F-4E17-9993-848E0E8F6D96}.Release|x64.ActiveCfg = Release|Any CPU
		{AB6C65A7-DF0F-4E17-9993-848E0E8F6D96}.Release|x64.Build.0 = Release|Any CPU
		{AB6C65A7-DF0F-4E17-9993-848E0E8F6D96}.Release|x86.ActiveCfg = Release|Any CPU
		{AB6C65A7-DF0F-4E17-9993-848E0E8F6D96}.Release|x86.Build.0 = Release|Any CPU
		{5FD0D98A-5413-4A4A-A0E4-F8C762D1FE24}.Debug|Any CPU.ActiveCfg = Debug|Any CPU
		{5FD0D98A-5413-4A4A-A0E4-F8C762D1FE24}.Debug|Any CPU.Build.0 = Debug|Any CPU
		{5FD0D98A-5413-4A4A-A0E4-F8C762D1FE24}.Debug|x64.ActiveCfg = Debug|Any CPU
		{5FD0D98A-5413-4A4A-A0E4-F8C762D1FE24}.Debug|x64.Build.0 = Debug|Any CPU
		{5FD0D98A-5413-4A4A-A0E4-F8C762D1FE24}.Debug|x86.ActiveCfg = Debug|Any CPU
		{5FD0D98A-5413-4A4A-A0E4-F8C762D1FE24}.Debug|x86.Build.0 = Debug|Any CPU
		{5FD0D98A-5413-4A4A-A0E4-F8C762D1FE24}.Release|Any CPU.ActiveCfg = Release|Any CPU
		{5FD0D98A-5413-4A4A-A0E4-F8C762D1FE24}.Release|Any CPU.Build.0 = Release|Any CPU
		{5FD0D98A-5413-4A4A-A0E4-F8C762D1FE24}.Release|x64.ActiveCfg = Release|Any CPU
		{5FD0D98A-5413-4A4A-A0E4-F8C762D1FE24}.Release|x64.Build.0 = Release|Any CPU
		{5FD0D98A-5413-4A4A-A0E4-F8C762D1FE24}.Release|x86.ActiveCfg = Release|Any CPU
		{5FD0D98A-5413-4A4A-A0E4-F8C762D1FE24}.Release|x86.Build.0 = Release|Any CPU
		{34B4E0E4-838D-44A6-83CF-842EE9F76D33}.Debug|Any CPU.ActiveCfg = Debug|Any CPU
		{34B4E0E4-838D-44A6-83CF-842EE9F76D33}.Debug|Any CPU.Build.0 = Debug|Any CPU
		{34B4E0E4-838D-44A6-83CF-842EE9F76D33}.Debug|x64.ActiveCfg = Debug|Any CPU
		{34B4E0E4-838D-44A6-83CF-842EE9F76D33}.Debug|x64.Build.0 = Debug|Any CPU
		{34B4E0E4-838D-44A6-83CF-842EE9F76D33}.Debug|x86.ActiveCfg = Debug|Any CPU
		{34B4E0E4-838D-44A6-83CF-842EE9F76D33}.Debug|x86.Build.0 = Debug|Any CPU
		{34B4E0E4-838D-44A6-83CF-842EE9F76D33}.Release|Any CPU.ActiveCfg = Release|Any CPU
		{34B4E0E4-838D-44A6-83CF-842EE9F76D33}.Release|Any CPU.Build.0 = Release|Any CPU
		{34B4E0E4-838D-44A6-83CF-842EE9F76D33}.Release|x64.ActiveCfg = Release|Any CPU
		{34B4E0E4-838D-44A6-83CF-842EE9F76D33}.Release|x64.Build.0 = Release|Any CPU
		{34B4E0E4-838D-44A6-83CF-842EE9F76D33}.Release|x86.ActiveCfg = Release|Any CPU
		{34B4E0E4-838D-44A6-83CF-842EE9F76D33}.Release|x86.Build.0 = Release|Any CPU
		{06979787-7DE0-45E4-B026-7FFA0561B3F4}.Debug|Any CPU.ActiveCfg = Debug|Any CPU
		{06979787-7DE0-45E4-B026-7FFA0561B3F4}.Debug|Any CPU.Build.0 = Debug|Any CPU
		{06979787-7DE0-45E4-B026-7FFA0561B3F4}.Debug|x64.ActiveCfg = Debug|Any CPU
		{06979787-7DE0-45E4-B026-7FFA0561B3F4}.Debug|x64.Build.0 = Debug|Any CPU
		{06979787-7DE0-45E4-B026-7FFA0561B3F4}.Debug|x86.ActiveCfg = Debug|Any CPU
		{06979787-7DE0-45E4-B026-7FFA0561B3F4}.Debug|x86.Build.0 = Debug|Any CPU
		{06979787-7DE0-45E4-B026-7FFA0561B3F4}.Release|Any CPU.ActiveCfg = Release|Any CPU
		{06979787-7DE0-45E4-B026-7FFA0561B3F4}.Release|Any CPU.Build.0 = Release|Any CPU
		{06979787-7DE0-45E4-B026-7FFA0561B3F4}.Release|x64.ActiveCfg = Release|Any CPU
		{06979787-7DE0-45E4-B026-7FFA0561B3F4}.Release|x64.Build.0 = Release|Any CPU
		{06979787-7DE0-45E4-B026-7FFA0561B3F4}.Release|x86.ActiveCfg = Release|Any CPU
		{06979787-7DE0-45E4-B026-7FFA0561B3F4}.Release|x86.Build.0 = Release|Any CPU
		{DAA05351-3AD9-4F7C-98A8-6068AD830DDE}.Debug|Any CPU.ActiveCfg = Debug|Any CPU
		{DAA05351-3AD9-4F7C-98A8-6068AD830DDE}.Debug|Any CPU.Build.0 = Debug|Any CPU
		{DAA05351-3AD9-4F7C-98A8-6068AD830DDE}.Debug|x64.ActiveCfg = Debug|Any CPU
		{DAA05351-3AD9-4F7C-98A8-6068AD830DDE}.Debug|x64.Build.0 = Debug|Any CPU
		{DAA05351-3AD9-4F7C-98A8-6068AD830DDE}.Debug|x86.ActiveCfg = Debug|Any CPU
		{DAA05351-3AD9-4F7C-98A8-6068AD830DDE}.Debug|x86.Build.0 = Debug|Any CPU
		{DAA05351-3AD9-4F7C-98A8-6068AD830DDE}.Release|Any CPU.ActiveCfg = Release|Any CPU
		{DAA05351-3AD9-4F7C-98A8-6068AD830DDE}.Release|Any CPU.Build.0 = Release|Any CPU
		{DAA05351-3AD9-4F7C-98A8-6068AD830DDE}.Release|x64.ActiveCfg = Release|Any CPU
		{DAA05351-3AD9-4F7C-98A8-6068AD830DDE}.Release|x64.Build.0 = Release|Any CPU
		{DAA05351-3AD9-4F7C-98A8-6068AD830DDE}.Release|x86.ActiveCfg = Release|Any CPU
		{DAA05351-3AD9-4F7C-98A8-6068AD830DDE}.Release|x86.Build.0 = Release|Any CPU
		{0458B1F8-E93E-438A-A6D5-82104F56EEF6}.Debug|Any CPU.ActiveCfg = Debug|Any CPU
		{0458B1F8-E93E-438A-A6D5-82104F56EEF6}.Debug|Any CPU.Build.0 = Debug|Any CPU
		{0458B1F8-E93E-438A-A6D5-82104F56EEF6}.Debug|x64.ActiveCfg = Debug|Any CPU
		{0458B1F8-E93E-438A-A6D5-82104F56EEF6}.Debug|x64.Build.0 = Debug|Any CPU
		{0458B1F8-E93E-438A-A6D5-82104F56EEF6}.Debug|x86.ActiveCfg = Debug|Any CPU
		{0458B1F8-E93E-438A-A6D5-82104F56EEF6}.Debug|x86.Build.0 = Debug|Any CPU
		{0458B1F8-E93E-438A-A6D5-82104F56EEF6}.Release|Any CPU.ActiveCfg = Release|Any CPU
		{0458B1F8-E93E-438A-A6D5-82104F56EEF6}.Release|Any CPU.Build.0 = Release|Any CPU
		{0458B1F8-E93E-438A-A6D5-82104F56EEF6}.Release|x64.ActiveCfg = Release|Any CPU
		{0458B1F8-E93E-438A-A6D5-82104F56EEF6}.Release|x64.Build.0 = Release|Any CPU
		{0458B1F8-E93E-438A-A6D5-82104F56EEF6}.Release|x86.ActiveCfg = Release|Any CPU
		{0458B1F8-E93E-438A-A6D5-82104F56EEF6}.Release|x86.Build.0 = Release|Any CPU
		{1B761B53-95B5-436E-829C-F28B917FD88E}.Debug|Any CPU.ActiveCfg = Debug|Any CPU
		{1B761B53-95B5-436E-829C-F28B917FD88E}.Debug|Any CPU.Build.0 = Debug|Any CPU
		{1B761B53-95B5-436E-829C-F28B917FD88E}.Debug|x64.ActiveCfg = Debug|Any CPU
		{1B761B53-95B5-436E-829C-F28B917FD88E}.Debug|x64.Build.0 = Debug|Any CPU
		{1B761B53-95B5-436E-829C-F28B917FD88E}.Debug|x86.ActiveCfg = Debug|Any CPU
		{1B761B53-95B5-436E-829C-F28B917FD88E}.Debug|x86.Build.0 = Debug|Any CPU
		{1B761B53-95B5-436E-829C-F28B917FD88E}.Release|Any CPU.ActiveCfg = Release|Any CPU
		{1B761B53-95B5-436E-829C-F28B917FD88E}.Release|Any CPU.Build.0 = Release|Any CPU
		{1B761B53-95B5-436E-829C-F28B917FD88E}.Release|x64.ActiveCfg = Release|Any CPU
		{1B761B53-95B5-436E-829C-F28B917FD88E}.Release|x64.Build.0 = Release|Any CPU
		{1B761B53-95B5-436E-829C-F28B917FD88E}.Release|x86.ActiveCfg = Release|Any CPU
		{1B761B53-95B5-436E-829C-F28B917FD88E}.Release|x86.Build.0 = Release|Any CPU
	EndGlobalSection
	GlobalSection(SolutionProperties) = preSolution
		HideSolutionNode = FALSE
	EndGlobalSection
	GlobalSection(NestedProjects) = preSolution
		{F95A18DB-8581-4360-8A11-1742E0BEE4B9} = {827E0CD3-B72D-47B6-A68D-7590B98EB39B}
		{9A3EFBDE-D546-4966-A10E-DF91102732E3} = {5D20AA90-6969-D8BD-9DCD-8634F4692FDA}
		{687458CC-8DF6-4C45-AE0D-0B1C21EC8D99} = {5D20AA90-6969-D8BD-9DCD-8634F4692FDA}
		{E6222CCC-F4C6-458F-829C-A94572A1F9E5} = {5D20AA90-6969-D8BD-9DCD-8634F4692FDA}
		{FDDAC609-04C1-4A26-BC5F-03CB8C975705} = {5D20AA90-6969-D8BD-9DCD-8634F4692FDA}
		{62FBCC21-6B74-4A3C-BBB2-6468C90CE5D2} = {5D20AA90-6969-D8BD-9DCD-8634F4692FDA}
		{A395FC63-27B9-46AD-BECD-D498CBF3EEE9} = {5D20AA90-6969-D8BD-9DCD-8634F4692FDA}
		{619E1154-B343-4A7C-9EE2-8F3BFC8922AD} = {5D20AA90-6969-D8BD-9DCD-8634F4692FDA}
		{3BB8CD88-F555-4DDA-B003-71029F14360B} = {5D20AA90-6969-D8BD-9DCD-8634F4692FDA}
		{F6766370-99CB-42AB-AEC6-7196C1F1C9D5} = {0AB3BF05-4346-4AA6-1389-037BE0695223}
		{AB6C65A7-DF0F-4E17-9993-848E0E8F6D96} = {0AB3BF05-4346-4AA6-1389-037BE0695223}
		{5FD0D98A-5413-4A4A-A0E4-F8C762D1FE24} = {0AB3BF05-4346-4AA6-1389-037BE0695223}
		{34B4E0E4-838D-44A6-83CF-842EE9F76D33} = {5D20AA90-6969-D8BD-9DCD-8634F4692FDA}
		{06979787-7DE0-45E4-B026-7FFA0561B3F4} = {5D20AA90-6969-D8BD-9DCD-8634F4692FDA}
		{DAA05351-3AD9-4F7C-98A8-6068AD830DDE} = {0AB3BF05-4346-4AA6-1389-037BE0695223}
		{0458B1F8-E93E-438A-A6D5-82104F56EEF6} = {0AB3BF05-4346-4AA6-1389-037BE0695223}
		{1B761B53-95B5-436E-829C-F28B917FD88E} = {5D20AA90-6969-D8BD-9DCD-8634F4692FDA}
	EndGlobalSection
EndGlobal
